
Microsoft Visual Studio Solution File, Format Version 12.00
# Visual Studio Version 17
VisualStudioVersion = 17.1.32407.343
MinimumVisualStudioVersion = 10.0.40219.1
Project("{FAE04EC0-301F-11D3-BF4B-00C04F79EFBC}") = "TP.Aula02", "TP.Aula02\TP.Aula02.csproj", "{DBFEFC40-6859-4ABE-81EB-78BFEEE19F4F}"
EndProject
Global
	GlobalSection(SolutionConfigurationPlatforms) = preSolution
		Debug|Any CPU = Debug|Any CPU
		Release|Any CPU = Release|Any CPU
	EndGlobalSection
	GlobalSection(ProjectConfigurationPlatforms) = postSolution
		{DBFEFC40-6859-4ABE-81EB-78BFEEE19F4F}.Debug|Any CPU.ActiveCfg = Debug|Any CPU
		{DBFEFC40-6859-4ABE-81EB-78BFEEE19F4F}.Debug|Any CPU.Build.0 = Debug|Any CPU
		{DBFEFC40-6859-4ABE-81EB-78BFEEE19F4F}.Release|Any CPU.ActiveCfg = Release|Any CPU
		{DBFEFC40-6859-4ABE-81EB-78BFEEE19F4F}.Release|Any CPU.Build.0 = Release|Any CPU
	EndGlobalSection
	GlobalSection(SolutionProperties) = preSolution
		HideSolutionNode = FALSE
	EndGlobalSection
	GlobalSection(ExtensibilityGlobals) = postSolution
		SolutionGuid = {B5C0A189-FBB3-46E6-88E8-E1570F71F74B}
	EndGlobalSection
EndGlobal
